
Microsoft Visual Studio Solution File, Format Version 12.00
# Visual Studio Version 16
VisualStudioVersion = 16.0.31129.286
MinimumVisualStudioVersion = 10.0.40219.1
Project("{FAE04EC0-301F-11D3-BF4B-00C04F79EFBC}") = "PharmaAssist", "PharmaAssist\PharmaAssist.csproj", "{6097CB34-1A53-405A-8F02-FA2897D99D76}"
EndProject
Global
	GlobalSection(SolutionConfigurationPlatforms) = preSolution
		Debug|Any CPU = Debug|Any CPU
		Release|Any CPU = Release|Any CPU
	EndGlobalSection
	GlobalSection(ProjectConfigurationPlatforms) = postSolution
		{6097CB34-1A53-405A-8F02-FA2897D99D76}.Debug|Any CPU.ActiveCfg = Debug|Any CPU
		{6097CB34-1A53-405A-8F02-FA2897D99D76}.Debug|Any CPU.Build.0 = Debug|Any CPU
		{6097CB34-1A53-405A-8F02-FA2897D99D76}.Release|Any CPU.ActiveCfg = Release|Any CPU
		{6097CB34-1A53-405A-8F02-FA2897D99D76}.Release|Any CPU.Build.0 = Release|Any CPU
	EndGlobalSection
	GlobalSection(SolutionProperties) = preSolution
		HideSolutionNode = FALSE
	EndGlobalSection
	GlobalSection(ExtensibilityGlobals) = postSolution
		SolutionGuid = {1CDFE897-3F99-471F-950A-1BB8CCB3C8DA}
	EndGlobalSection
EndGlobal
